
Microsoft Visual Studio Solution File, Format Version 12.00
# Visual Studio Version 17
VisualStudioVersion = 17.13.35931.197 d17.13
MinimumVisualStudioVersion = 10.0.40219.1
Project("{FAE04EC0-301F-11D3-BF4B-00C04F79EFBC}") = "SWD392-backend", "SWD392-backend\SWD392-backend.csproj", "{E8441843-8508-44BE-92DA-9D2FFBB288FB}"
EndProject
Global
	GlobalSection(SolutionConfigurationPlatforms) = preSolution
		Debug|Any CPU = Debug|Any CPU
		Release|Any CPU = Release|Any CPU
	EndGlobalSection
	GlobalSection(ProjectConfigurationPlatforms) = postSolution
		{E8441843-8508-44BE-92DA-9D2FFBB288FB}.Debug|Any CPU.ActiveCfg = Debug|Any CPU
		{E8441843-8508-44BE-92DA-9D2FFBB288FB}.Debug|Any CPU.Build.0 = Debug|Any CPU
		{E8441843-8508-44BE-92DA-9D2FFBB288FB}.Release|Any CPU.ActiveCfg = Release|Any CPU
		{E8441843-8508-44BE-92DA-9D2FFBB288FB}.Release|Any CPU.Build.0 = Release|Any CPU
	EndGlobalSection
	GlobalSection(SolutionProperties) = preSolution
		HideSolutionNode = FALSE
	EndGlobalSection
	GlobalSection(ExtensibilityGlobals) = postSolution
		SolutionGuid = {6088F1DB-980D-4D15-86D9-0B097C523F2D}
	EndGlobalSection
EndGlobal
